
Microsoft Visual Studio Solution File, Format Version 12.00
# Visual Studio Version 17
VisualStudioVersion = 17.11.35303.130
MinimumVisualStudioVersion = 10.0.40219.1
Project("{FAE04EC0-301F-11D3-BF4B-00C04F79EFBC}") = "Kalkulačka", "Kalkulačka\Kalkulačka.csproj", "{5295D7B0-48F0-4221-992D-C022EB0C3731}"
EndProject
Project("{FAE04EC0-301F-11D3-BF4B-00C04F79EFBC}") = "FlashCards", "FlashCards\FlashCards.csproj", "{557C84D8-393E-4ADD-AD19-69253E8D58B0}"
EndProject
Project("{FAE04EC0-301F-11D3-BF4B-00C04F79EFBC}") = "Fibonacci", "Fibonacci\Fibonacci.csproj", "{5405C687-B222-4937-B852-DFC918E0A509}"
EndProject
Project("{FAE04EC0-301F-11D3-BF4B-00C04F79EFBC}") = "Test", "Test\Test.csproj", "{0F980396-87C1-49BC-A4D9-1ADADF6FD18F}"
EndProject
Global
	GlobalSection(SolutionConfigurationPlatforms) = preSolution
		Debug|Any CPU = Debug|Any CPU
		Release|Any CPU = Release|Any CPU
	EndGlobalSection
	GlobalSection(ProjectConfigurationPlatforms) = postSolution
		{5295D7B0-48F0-4221-992D-C022EB0C3731}.Debug|Any CPU.ActiveCfg = Debug|Any CPU
		{5295D7B0-48F0-4221-992D-C022EB0C3731}.Debug|Any CPU.Build.0 = Debug|Any CPU
		{5295D7B0-48F0-4221-992D-C022EB0C3731}.Release|Any CPU.ActiveCfg = Release|Any CPU
		{5295D7B0-48F0-4221-992D-C022EB0C3731}.Release|Any CPU.Build.0 = Release|Any CPU
		{557C84D8-393E-4ADD-AD19-69253E8D58B0}.Debug|Any CPU.ActiveCfg = Debug|Any CPU
		{557C84D8-393E-4ADD-AD19-69253E8D58B0}.Debug|Any CPU.Build.0 = Debug|Any CPU
		{557C84D8-393E-4ADD-AD19-69253E8D58B0}.Release|Any CPU.ActiveCfg = Release|Any CPU
		{557C84D8-393E-4ADD-AD19-69253E8D58B0}.Release|Any CPU.Build.0 = Release|Any CPU
		{5405C687-B222-4937-B852-DFC918E0A509}.Debug|Any CPU.ActiveCfg = Debug|Any CPU
		{5405C687-B222-4937-B852-DFC918E0A509}.Debug|Any CPU.Build.0 = Debug|Any CPU
		{5405C687-B222-4937-B852-DFC918E0A509}.Release|Any CPU.ActiveCfg = Release|Any CPU
		{5405C687-B222-4937-B852-DFC918E0A509}.Release|Any CPU.Build.0 = Release|Any CPU
		{0F980396-87C1-49BC-A4D9-1ADADF6FD18F}.Debug|Any CPU.ActiveCfg = Debug|Any CPU
		{0F980396-87C1-49BC-A4D9-1ADADF6FD18F}.Debug|Any CPU.Build.0 = Debug|Any CPU
		{0F980396-87C1-49BC-A4D9-1ADADF6FD18F}.Release|Any CPU.ActiveCfg = Release|Any CPU
		{0F980396-87C1-49BC-A4D9-1ADADF6FD18F}.Release|Any CPU.Build.0 = Release|Any CPU
	EndGlobalSection
	GlobalSection(SolutionProperties) = preSolution
		HideSolutionNode = FALSE
	EndGlobalSection
	GlobalSection(ExtensibilityGlobals) = postSolution
		SolutionGuid = {2DE2BA26-537D-41F8-8BCA-C90EB4C02E7C}
	EndGlobalSection
EndGlobal
